
Microsoft Visual Studio Solution File, Format Version 12.00
# Visual Studio Version 17
VisualStudioVersion = 17.0.31903.59
MinimumVisualStudioVersion = 10.0.40219.1
Project("{FAE04EC0-301F-11D3-BF4B-00C04F79EFBC}") = "Final Thing", "Final Thing\Final Thing.csproj", "{59BFAE9E-7349-409B-AF3E-135E4F46F19C}"
EndProject
Global
	GlobalSection(SolutionConfigurationPlatforms) = preSolution
		Debug|Any CPU = Debug|Any CPU
		Release|Any CPU = Release|Any CPU
	EndGlobalSection
	GlobalSection(SolutionProperties) = preSolution
		HideSolutionNode = FALSE
	EndGlobalSection
	GlobalSection(ProjectConfigurationPlatforms) = postSolution
		{59BFAE9E-7349-409B-AF3E-135E4F46F19C}.Debug|Any CPU.ActiveCfg = Debug|Any CPU
		{59BFAE9E-7349-409B-AF3E-135E4F46F19C}.Debug|Any CPU.Build.0 = Debug|Any CPU
		{59BFAE9E-7349-409B-AF3E-135E4F46F19C}.Release|Any CPU.ActiveCfg = Release|Any CPU
		{59BFAE9E-7349-409B-AF3E-135E4F46F19C}.Release|Any CPU.Build.0 = Release|Any CPU
	EndGlobalSection
EndGlobal
